
Microsoft Visual Studio Solution File, Format Version 12.00
# Visual Studio 15
Project("{FAE04EC0-301F-11D3-BF4B-00C04F79EFBC}") = "Assembly-CSharp", "Assembly-CSharp.csproj", "{DD563DC5-E480-6A28-A322-01ED9E2FD90A}"
EndProject
Project("{FAE04EC0-301F-11D3-BF4B-00C04F79EFBC}") = "Assembly-CSharp-Editor", "Assembly-CSharp-Editor.csproj", "{28CD91C1-5721-0E9C-917D-101A9D76E64B}"
EndProject
Global
	GlobalSection(SolutionConfigurationPlatforms) = preSolution
		Debug|Any CPU = Debug|Any CPU
		Release|Any CPU = Release|Any CPU
	EndGlobalSection
	GlobalSection(ProjectConfigurationPlatforms) = postSolution
		{DD563DC5-E480-6A28-A322-01ED9E2FD90A}.Debug|Any CPU.ActiveCfg = Debug|Any CPU
		{DD563DC5-E480-6A28-A322-01ED9E2FD90A}.Debug|Any CPU.Build.0 = Debug|Any CPU
		{DD563DC5-E480-6A28-A322-01ED9E2FD90A}.Release|Any CPU.ActiveCfg = Release|Any CPU
		{DD563DC5-E480-6A28-A322-01ED9E2FD90A}.Release|Any CPU.Build.0 = Release|Any CPU
		{28CD91C1-5721-0E9C-917D-101A9D76E64B}.Debug|Any CPU.ActiveCfg = Debug|Any CPU
		{28CD91C1-5721-0E9C-917D-101A9D76E64B}.Debug|Any CPU.Build.0 = Debug|Any CPU
		{28CD91C1-5721-0E9C-917D-101A9D76E64B}.Release|Any CPU.ActiveCfg = Release|Any CPU
		{28CD91C1-5721-0E9C-917D-101A9D76E64B}.Release|Any CPU.Build.0 = Release|Any CPU
	EndGlobalSection
	GlobalSection(SolutionProperties) = preSolution
		HideSolutionNode = FALSE
	EndGlobalSection
EndGlobal
