
Microsoft Visual Studio Solution File, Format Version 12.00
# Visual Studio 15
Project("{FAE04EC0-301F-11D3-BF4B-00C04F79EFBC}") = "Assembly-CSharp", "Assembly-CSharp.csproj", "{4945F4D9-56A2-41AB-E4B6-307BFEE2945E}"
EndProject
Project("{FAE04EC0-301F-11D3-BF4B-00C04F79EFBC}") = "Assembly-CSharp-Editor", "Assembly-CSharp-Editor.csproj", "{8F76F398-CFDC-7929-091D-F4315214D02E}"
EndProject
Global
	GlobalSection(SolutionConfigurationPlatforms) = preSolution
		Debug|Any CPU = Debug|Any CPU
		Release|Any CPU = Release|Any CPU
	EndGlobalSection
	GlobalSection(ProjectConfigurationPlatforms) = postSolution
		{4945F4D9-56A2-41AB-E4B6-307BFEE2945E}.Debug|Any CPU.ActiveCfg = Debug|Any CPU
		{4945F4D9-56A2-41AB-E4B6-307BFEE2945E}.Debug|Any CPU.Build.0 = Debug|Any CPU
		{4945F4D9-56A2-41AB-E4B6-307BFEE2945E}.Release|Any CPU.ActiveCfg = Release|Any CPU
		{4945F4D9-56A2-41AB-E4B6-307BFEE2945E}.Release|Any CPU.Build.0 = Release|Any CPU
		{8F76F398-CFDC-7929-091D-F4315214D02E}.Debug|Any CPU.ActiveCfg = Debug|Any CPU
		{8F76F398-CFDC-7929-091D-F4315214D02E}.Debug|Any CPU.Build.0 = Debug|Any CPU
		{8F76F398-CFDC-7929-091D-F4315214D02E}.Release|Any CPU.ActiveCfg = Release|Any CPU
		{8F76F398-CFDC-7929-091D-F4315214D02E}.Release|Any CPU.Build.0 = Release|Any CPU
	EndGlobalSection
	GlobalSection(SolutionProperties) = preSolution
		HideSolutionNode = FALSE
	EndGlobalSection
EndGlobal
